// !$*UTF8*$!
{
	archiveVersion = 1;
	classes = {
	};
	objectVersion = 55;
	objects = {

/* Begin PBXBuildFile section */
		1836EFC92725BB1100143A7E /* Tests_iOS.swift in Sources */ = {isa = PBXBuildFile; fileRef = 1836EFC82725BB1100143A7E /* Tests_iOS.swift */; };
		1836EFCB2725BB1100143A7E /* Tests_iOSLaunchTests.swift in Sources */ = {isa = PBXBuildFile; fileRef = 1836EFCA2725BB1100143A7E /* Tests_iOSLaunchTests.swift */; };
		1836EFD52725BB1100143A7E /* Tests_macOS.swift in Sources */ = {isa = PBXBuildFile; fileRef = 1836EFD42725BB1100143A7E /* Tests_macOS.swift */; };
		1836EFD72725BB1100143A7E /* Tests_macOSLaunchTests.swift in Sources */ = {isa = PBXBuildFile; fileRef = 1836EFD62725BB1100143A7E /* Tests_macOSLaunchTests.swift */; };
		1836EFD82725BB1100143A7E /* MacApp.swift in Sources */ = {isa = PBXBuildFile; fileRef = 1836EFB02725BB1000143A7E /* MacApp.swift */; };
		1836EFD92725BB1100143A7E /* MacApp.swift in Sources */ = {isa = PBXBuildFile; fileRef = 1836EFB02725BB1000143A7E /* MacApp.swift */; };
		1836EFDA2725BB1100143A7E /* ContentView.swift in Sources */ = {isa = PBXBuildFile; fileRef = 1836EFB12725BB1000143A7E /* ContentView.swift */; };
		1836EFDB2725BB1100143A7E /* ContentView.swift in Sources */ = {isa = PBXBuildFile; fileRef = 1836EFB12725BB1000143A7E /* ContentView.swift */; };
		1836EFDC2725BB1100143A7E /* Assets.xcassets in Resources */ = {isa = PBXBuildFile; fileRef = 1836EFB22725BB1100143A7E /* Assets.xcassets */; };
		1836EFDD2725BB1100143A7E /* Assets.xcassets in Resources */ = {isa = PBXBuildFile; fileRef = 1836EFB22725BB1100143A7E /* Assets.xcassets */; };
/* End PBXBuildFile section */

/* Begin PBXContainerItemProxy section */
		1836EFC52725BB1100143A7E /* PBXContainerItemProxy */ = {
			isa = PBXContainerItemProxy;
			containerPortal = 1836EFAB2725BB1000143A7E /* Project object */;
			proxyType = 1;
			remoteGlobalIDString = 1836EFB62725BB1100143A7E;
			remoteInfo = "Mac (iOS)";
		};
		1836EFD12725BB1100143A7E /* PBXContainerItemProxy */ = {
			isa = PBXContainerItemProxy;
			containerPortal = 1836EFAB2725BB1000143A7E /* Project object */;
			proxyType = 1;
			remoteGlobalIDString = 1836EFBC2725BB1100143A7E;
			remoteInfo = "Mac (macOS)";
		};
/* End PBXContainerItemProxy section */

/* Begin PBXFileReference section */
		1836EFB02725BB1000143A7E /* MacApp.swift */ = {isa = PBXFileReference; lastKnownFileType = sourcecode.swift; path = MacApp.swift; sourceTree = "<group>"; };
		1836EFB12725BB1000143A7E /* ContentView.swift */ = {isa = PBXFileReference; lastKnownFileType = sourcecode.swift; path = ContentView.swift; sourceTree = "<group>"; };
		1836EFB22725BB1100143A7E /* Assets.xcassets */ = {isa = PBXFileReference; lastKnownFileType = folder.assetcatalog; path = Assets.xcassets; sourceTree = "<group>"; };
		1836EFB72725BB1100143A7E /* Mac.app */ = {isa = PBXFileReference; explicitFileType = wrapper.application; includeInIndex = 0; path = Mac.app; sourceTree = BUILT_PRODUCTS_DIR; };
		1836EFBD2725BB1100143A7E /* Mac.app */ = {isa = PBXFileReference; explicitFileType = wrapper.application; includeInIndex = 0; path = Mac.app; sourceTree = BUILT_PRODUCTS_DIR; };
		1836EFBF2725BB1100143A7E /* macOS.entitlements */ = {isa = PBXFileReference; lastKnownFileType = text.plist.entitlements; path = macOS.entitlements; sourceTree = "<group>"; };
		1836EFC42725BB1100143A7E /* Tests iOS.xctest */ = {isa = PBXFileReference; explicitFileType = wrapper.cfbundle; includeInIndex = 0; path = "Tests iOS.xctest"; sourceTree = BUILT_PRODUCTS_DIR; };
		1836EFC82725BB1100143A7E /* Tests_iOS.swift */ = {isa = PBXFileReference; lastKnownFileType = sourcecode.swift; path = Tests_iOS.swift; sourceTree = "<group>"; };
		1836EFCA2725BB1100143A7E /* Tests_iOSLaunchTests.swift */ = {isa = PBXFileReference; lastKnownFileType = sourcecode.swift; path = Tests_iOSLaunchTests.swift; sourceTree = "<group>"; };
		1836EFD02725BB1100143A7E /* Tests macOS.xctest */ = {isa = PBXFileReference; explicitFileType = wrapper.cfbundle; includeInIndex = 0; path = "Tests macOS.xctest"; sourceTree = BUILT_PRODUCTS_DIR; };
		1836EFD42725BB1100143A7E /* Tests_macOS.swift */ = {isa = PBXFileReference; lastKnownFileType = sourcecode.swift; path = Tests_macOS.swift; sourceTree = "<group>"; };
		1836EFD62725BB1100143A7E /* Tests_macOSLaunchTests.swift */ = {isa = PBXFileReference; lastKnownFileType = sourcecode.swift; path = Tests_macOSLaunchTests.swift; sourceTree = "<group>"; };
/* End PBXFileReference section */

/* Begin PBXFrameworksBuildPhase section */
		1836EFB42725BB1100143A7E /* Frameworks */ = {
			isa = PBXFrameworksBuildPhase;
			buildActionMask = 2147483647;
			files = (
			);
			runOnlyForDeploymentPostprocessing = 0;
		};
		1836EFBA2725BB1100143A7E /* Frameworks */ = {
			isa = PBXFrameworksBuildPhase;
			buildActionMask = 2147483647;
			files = (
			);
			runOnlyForDeploymentPostprocessing = 0;
		};
		1836EFC12725BB1100143A7E /* Frameworks */ = {
			isa = PBXFrameworksBuildPhase;
			buildActionMask = 2147483647;
			files = (
			);
			runOnlyForDeploymentPostprocessing = 0;
		};
		1836EFCD2725BB1100143A7E /* Frameworks */ = {
			isa = PBXFrameworksBuildPhase;
			buildActionMask = 2147483647;
			files = (
			);
			runOnlyForDeploymentPostprocessing = 0;
		};
/* End PBXFrameworksBuildPhase section */

/* Begin PBXGroup section */
		1836EFAA2725BB1000143A7E = {
			isa = PBXGroup;
			children = (
				1836EFAF2725BB1000143A7E /* Shared */,
				1836EFBE2725BB1100143A7E /* macOS */,
				1836EFC72725BB1100143A7E /* Tests iOS */,
				1836EFD32725BB1100143A7E /* Tests macOS */,
				1836EFB82725BB1100143A7E /* Products */,
			);
			sourceTree = "<group>";
		};
		1836EFAF2725BB1000143A7E /* Shared */ = {
			isa = PBXGroup;
			children = (
				1836EFB02725BB1000143A7E /* MacApp.swift */,
				1836EFB12725BB1000143A7E /* ContentView.swift */,
				1836EFB22725BB1100143A7E /* Assets.xcassets */,
			);
			path = Shared;
			sourceTree = "<group>";
		};
		1836EFB82725BB1100143A7E /* Products */ = {
			isa = PBXGroup;
			children = (
				1836EFB72725BB1100143A7E /* Mac.app */,
				1836EFBD2725BB1100143A7E /* Mac.app */,
				1836EFC42725BB1100143A7E /* Tests iOS.xctest */,
				1836EFD02725BB1100143A7E /* Tests macOS.xctest */,
			);
			name = Products;
			sourceTree = "<group>";
		};
		1836EFBE2725BB1100143A7E /* macOS */ = {
			isa = PBXGroup;
			children = (
				1836EFBF2725BB1100143A7E /* macOS.entitlements */,
			);
			path = macOS;
			sourceTree = "<group>";
		};
		1836EFC72725BB1100143A7E /* Tests iOS */ = {
			isa = PBXGroup;
			children = (
				1836EFC82725BB1100143A7E /* Tests_iOS.swift */,
				1836EFCA2725BB1100143A7E /* Tests_iOSLaunchTests.swift */,
			);
			path = "Tests iOS";
			sourceTree = "<group>";
		};
		1836EFD32725BB1100143A7E /* Tests macOS */ = {
			isa = PBXGroup;
			children = (
				1836EFD42725BB1100143A7E /* Tests_macOS.swift */,
				1836EFD62725BB1100143A7E /* Tests_macOSLaunchTests.swift */,
			);
			path = "Tests macOS";
			sourceTree = "<group>";
		};
/* End PBXGroup section */

/* Begin PBXNativeTarget section */
		1836EFB62725BB1100143A7E /* Mac (iOS) */ = {
			isa = PBXNativeTarget;
			buildConfigurationList = 1836EFE02725BB1100143A7E /* Build configuration list for PBXNativeTarget "Mac (iOS)" */;
			buildPhases = (
				1836EFB32725BB1100143A7E /* Sources */,
				1836EFB42725BB1100143A7E /* Frameworks */,
				1836EFB52725BB1100143A7E /* Resources */,
			);
			buildRules = (
			);
			dependencies = (
			);
			name = "Mac (iOS)";
			productName = "Mac (iOS)";
			productReference = 1836EFB72725BB1100143A7E /* Mac.app */;
			productType = "com.apple.product-type.application";
		};
		1836EFBC2725BB1100143A7E /* Mac (macOS) */ = {
			isa = PBXNativeTarget;
			buildConfigurationList = 1836EFE32725BB1100143A7E /* Build configuration list for PBXNativeTarget "Mac (macOS)" */;
			buildPhases = (
				1836EFB92725BB1100143A7E /* Sources */,
				1836EFBA2725BB1100143A7E /* Frameworks */,
				1836EFBB2725BB1100143A7E /* Resources */,
			);
			buildRules = (
			);
			dependencies = (
			);
			name = "Mac (macOS)";
			productName = "Mac (macOS)";
			productReference = 1836EFBD2725BB1100143A7E /* Mac.app */;
			productType = "com.apple.product-type.application";
		};
		1836EFC32725BB1100143A7E /* Tests iOS */ = {
			isa = PBXNativeTarget;
			buildConfigurationList = 1836EFE62725BB1100143A7E /* Build configuration list for PBXNativeTarget "Tests iOS" */;
			buildPhases = (
				1836EFC02725BB1100143A7E /* Sources */,
				1836EFC12725BB1100143A7E /* Frameworks */,
				1836EFC22725BB1100143A7E /* Resources */,
			);
			buildRules = (
			);
			dependencies = (
				1836EFC62725BB1100143A7E /* PBXTargetDependency */,
			);
			name = "Tests iOS";
			productName = "Tests iOS";
			productReference = 1836EFC42725BB1100143A7E /* Tests iOS.xctest */;
			productType = "com.apple.product-type.bundle.ui-testing";
		};
		1836EFCF2725BB1100143A7E /* Tests macOS */ = {
			isa = PBXNativeTarget;
			buildConfigurationList = 1836EFE92725BB1100143A7E /* Build configuration list for PBXNativeTarget "Tests macOS" */;
			buildPhases = (
				1836EFCC2725BB1100143A7E /* Sources */,
				1836EFCD2725BB1100143A7E /* Frameworks */,
				1836EFCE2725BB1100143A7E /* Resources */,
			);
			buildRules = (
			);
			dependencies = (
				1836EFD22725BB1100143A7E /* PBXTargetDependency */,
			);
			name = "Tests macOS";
			productName = "Tests macOS";
			productReference = 1836EFD02725BB1100143A7E /* Tests macOS.xctest */;
			productType = "com.apple.product-type.bundle.ui-testing";
		};
/* End PBXNativeTarget section */

/* Begin PBXProject section */
		1836EFAB2725BB1000143A7E /* Project object */ = {
			isa = PBXProject;
			attributes = {
				BuildIndependentTargetsInParallel = 1;
				LastSwiftUpdateCheck = 1300;
				LastUpgradeCheck = 1300;
				TargetAttributes = {
					1836EFB62725BB1100143A7E = {
						CreatedOnToolsVersion = 13.0;
					};
					1836EFBC2725BB1100143A7E = {
						CreatedOnToolsVersion = 13.0;
					};
					1836EFC32725BB1100143A7E = {
						CreatedOnToolsVersion = 13.0;
						TestTargetID = 1836EFB62725BB1100143A7E;
					};
					1836EFCF2725BB1100143A7E = {
						CreatedOnToolsVersion = 13.0;
						TestTargetID = 1836EFBC2725BB1100143A7E;
					};
				};
			};
			buildConfigurationList = 1836EFAE2725BB1000143A7E /* Build configuration list for PBXProject "Mac" */;
			compatibilityVersion = "Xcode 13.0";
			developmentRegion = en;
			hasScannedForEncodings = 0;
			knownRegions = (
				en,
				Base,
			);
			mainGroup = 1836EFAA2725BB1000143A7E;
			productRefGroup = 1836EFB82725BB1100143A7E /* Products */;
			projectDirPath = "";
			projectRoot = "";
			targets = (
				1836EFB62725BB1100143A7E /* Mac (iOS) */,
				1836EFBC2725BB1100143A7E /* Mac (macOS) */,
				1836EFC32725BB1100143A7E /* Tests iOS */,
				1836EFCF2725BB1100143A7E /* Tests macOS */,
			);
		};
/* End PBXProject section */

/* Begin PBXResourcesBuildPhase section */
		1836EFB52725BB1100143A7E /* Resources */ = {
			isa = PBXResourcesBuildPhase;
			buildActionMask = 2147483647;
			files = (
				1836EFDC2725BB1100143A7E /* Assets.xcassets in Resources */,
			);
			runOnlyForDeploymentPostprocessing = 0;
		};
		1836EFBB2725BB1100143A7E /* Resources */ = {
			isa = PBXResourcesBuildPhase;
			buildActionMask = 2147483647;
			files = (
				1836EFDD2725BB1100143A7E /* Assets.xcassets in Resources */,
			);
			runOnlyForDeploymentPostprocessing = 0;
		};
		1836EFC22725BB1100143A7E /* Resources */ = {
			isa = PBXResourcesBuildPhase;
			buildActionMask = 2147483647;
			files = (
			);
			runOnlyForDeploymentPostprocessing = 0;
		};
		1836EFCE2725BB1100143A7E /* Resources */ = {
			isa = PBXResourcesBuildPhase;
			buildActionMask = 2147483647;
			files = (
			);
			runOnlyForDeploymentPostprocessing = 0;
		};
/* End PBXResourcesBuildPhase section */

/* Begin PBXSourcesBuildPhase section */
		1836EFB32725BB1100143A7E /* Sources */ = {
			isa = PBXSourcesBuildPhase;
			buildActionMask = 2147483647;
			files = (
				1836EFDA2725BB1100143A7E /* ContentView.swift in Sources */,
				1836EFD82725BB1100143A7E /* MacApp.swift in Sources */,
			);
			runOnlyForDeploymentPostprocessing = 0;
		};
		1836EFB92725BB1100143A7E /* Sources */ = {
			isa = PBXSourcesBuildPhase;
			buildActionMask = 2147483647;
			files = (
				1836EFDB2725BB1100143A7E /* ContentView.swift in Sources */,
				1836EFD92725BB1100143A7E /* MacApp.swift in Sources */,
			);
			runOnlyForDeploymentPostprocessing = 0;
		};
		1836EFC02725BB1100143A7E /* Sources */ = {
			isa = PBXSourcesBuildPhase;
			buildActionMask = 2147483647;
			files = (
				1836EFCB2725BB1100143A7E /* Tests_iOSLaunchTests.swift in Sources */,
				1836EFC92725BB1100143A7E /* Tests_iOS.swift in Sources */,
			);
			runOnlyForDeploymentPostprocessing = 0;
		};
		1836EFCC2725BB1100143A7E /* Sources */ = {
			isa = PBXSourcesBuildPhase;
			buildActionMask = 2147483647;
			files = (
				1836EFD72725BB1100143A7E /* Tests_macOSLaunchTests.swift in Sources */,
				1836EFD52725BB1100143A7E /* Tests_macOS.swift in Sources */,
			);
			runOnlyForDeploymentPostprocessing = 0;
		};
/* End PBXSourcesBuildPhase section */

/* Begin PBXTargetDependency section */
		1836EFC62725BB1100143A7E /* PBXTargetDependency */ = {
			isa = PBXTargetDependency;
			target = 1836EFB62725BB1100143A7E /* Mac (iOS) */;
			targetProxy = 1836EFC52725BB1100143A7E /* PBXContainerItemProxy */;
		};
		1836EFD22725BB1100143A7E /* PBXTargetDependency */ = {
			isa = PBXTargetDependency;
			target = 1836EFBC2725BB1100143A7E /* Mac (macOS) */;
			targetProxy = 1836EFD12725BB1100143A7E /* PBXContainerItemProxy */;
		};
/* End PBXTargetDependency section */

/* Begin XCBuildConfiguration section */
		1836EFDE2725BB1100143A7E /* Debug */ = {
			isa = XCBuildConfiguration;
			buildSettings = {
				ALWAYS_SEARCH_USER_PATHS = NO;
				CLANG_ANALYZER_NONNULL = YES;
				CLANG_ANALYZER_NUMBER_OBJECT_CONVERSION = YES_AGGRESSIVE;
				CLANG_CXX_LANGUAGE_STANDARD = "gnu++17";
				CLANG_CXX_LIBRARY = "libc++";
				CLANG_ENABLE_MODULES = YES;
				CLANG_ENABLE_OBJC_ARC = YES;
				CLANG_ENABLE_OBJC_WEAK = YES;
				CLANG_WARN_BLOCK_CAPTURE_AUTORELEASING = YES;
				CLANG_WARN_BOOL_CONVERSION = YES;
				CLANG_WARN_COMMA = YES;
				CLANG_WARN_CONSTANT_CONVERSION = YES;
				CLANG_WARN_DEPRECATED_OBJC_IMPLEMENTATIONS = YES;
				CLANG_WARN_DIRECT_OBJC_ISA_USAGE = YES_ERROR;
				CLANG_WARN_DOCUMENTATION_COMMENTS = YES;
				CLANG_WARN_EMPTY_BODY = YES;
				CLANG_WARN_ENUM_CONVERSION = YES;
				CLANG_WARN_INFINITE_RECURSION = YES;
				CLANG_WARN_INT_CONVERSION = YES;
				CLANG_WARN_NON_LITERAL_NULL_CONVERSION = YES;
				CLANG_WARN_OBJC_IMPLICIT_RETAIN_SELF = YES;
				CLANG_WARN_OBJC_LITERAL_CONVERSION = YES;
				CLANG_WARN_OBJC_ROOT_CLASS = YES_ERROR;
				CLANG_WARN_QUOTED_INCLUDE_IN_FRAMEWORK_HEADER = YES;
				CLANG_WARN_RANGE_LOOP_ANALYSIS = YES;
				CLANG_WARN_STRICT_PROTOTYPES = YES;
				CLANG_WARN_SUSPICIOUS_MOVE = YES;
				CLANG_WARN_UNGUARDED_AVAILABILITY = YES_AGGRESSIVE;
				CLANG_WARN_UNREACHABLE_CODE = YES;
				CLANG_WARN__DUPLICATE_METHOD_MATCH = YES;
				COPY_PHASE_STRIP = NO;
				DEBUG_INFORMATION_FORMAT = dwarf;
				ENABLE_STRICT_OBJC_MSGSEND = YES;
				ENABLE_TESTABILITY = YES;
				GCC_C_LANGUAGE_STANDARD = gnu11;
				GCC_DYNAMIC_NO_PIC = NO;
				GCC_NO_COMMON_BLOCKS = YES;
				GCC_OPTIMIZATION_LEVEL = 0;
				GCC_PREPROCESSOR_DEFINITIONS = (
					"DEBUG=1",
					"$(inherited)",
				);
				GCC_WARN_64_TO_32_BIT_CONVERSION = YES;
				GCC_WARN_ABOUT_RETURN_TYPE = YES_ERROR;
				GCC_WARN_UNDECLARED_SELECTOR = YES;
				GCC_WARN_UNINITIALIZED_AUTOS = YES_AGGRESSIVE;
				GCC_WARN_UNUSED_FUNCTION = YES;
				GCC_WARN_UNUSED_VARIABLE = YES;
				MTL_ENABLE_DEBUG_INFO = INCLUDE_SOURCE;
				MTL_FAST_MATH = YES;
				ONLY_ACTIVE_ARCH = YES;
				SWIFT_ACTIVE_COMPILATION_CONDITIONS = DEBUG;
				SWIFT_OPTIMIZATION_LEVEL = "-Onone";
			};
			name = Debug;
		};
		1836EFDF2725BB1100143A7E /* Release */ = {
			isa = XCBuildConfiguration;
			buildSettings = {
				ALWAYS_SEARCH_USER_PATHS = NO;
				CLANG_ANALYZER_NONNULL = YES;
				CLANG_ANALYZER_NUMBER_OBJECT_CONVERSION = YES_AGGRESSIVE;
				CLANG_CXX_LANGUAGE_STANDARD = "gnu++17";
				CLANG_CXX_LIBRARY = "libc++";
				CLANG_ENABLE_MODULES = YES;
				CLANG_ENABLE_OBJC_ARC = YES;
				CLANG_ENABLE_OBJC_WEAK = YES;
				CLANG_WARN_BLOCK_CAPTURE_AUTORELEASING = YES;
				CLANG_WARN_BOOL_CONVERSION = YES;
				CLANG_WARN_COMMA = YES;
				CLANG_WARN_CONSTANT_CONVERSION = YES;
				CLANG_WARN_DEPRECATED_OBJC_IMPLEMENTATIONS = YES;
				CLANG_WARN_DIRECT_OBJC_ISA_USAGE = YES_ERROR;
				CLANG_WARN_DOCUMENTATION_COMMENTS = YES;
				CLANG_WARN_EMPTY_BODY = YES;
				CLANG_WARN_ENUM_CONVERSION = YES;
				CLANG_WARN_INFINITE_RECURSION = YES;
				CLANG_WARN_INT_CONVERSION = YES;
				CLANG_WARN_NON_LITERAL_NULL_CONVERSION = YES;
				CLANG_WARN_OBJC_IMPLICIT_RETAIN_SELF = YES;
				CLANG_WARN_OBJC_LITERAL_CONVERSION = YES;
				CLANG_WARN_OBJC_ROOT_CLASS = YES_ERROR;
				CLANG_WARN_QUOTED_INCLUDE_IN_FRAMEWORK_HEADER = YES;
				CLANG_WARN_RANGE_LOOP_ANALYSIS = YES;
				CLANG_WARN_STRICT_PROTOTYPES = YES;
				CLANG_WARN_SUSPICIOUS_MOVE = YES;
				CLANG_WARN_UNGUARDED_AVAILABILITY = YES_AGGRESSIVE;
				CLANG_WARN_UNREACHABLE_CODE = YES;
				CLANG_WARN__DUPLICATE_METHOD_MATCH = YES;
				COPY_PHASE_STRIP = NO;
				DEBUG_INFORMATION_FORMAT = "dwarf-with-dsym";
				ENABLE_NS_ASSERTIONS = NO;
				ENABLE_STRICT_OBJC_MSGSEND = YES;
				GCC_C_LANGUAGE_STANDARD = gnu11;
				GCC_NO_COMMON_BLOCKS = YES;
				GCC_WARN_64_TO_32_BIT_CONVERSION = YES;
				GCC_WARN_ABOUT_RETURN_TYPE = YES_ERROR;
				GCC_WARN_UNDECLARED_SELECTOR = YES;
				GCC_WARN_UNINITIALIZED_AUTOS = YES_AGGRESSIVE;
				GCC_WARN_UNUSED_FUNCTION = YES;
				GCC_WARN_UNUSED_VARIABLE = YES;
				MTL_ENABLE_DEBUG_INFO = NO;
				MTL_FAST_MATH = YES;
				SWIFT_COMPILATION_MODE = wholemodule;
				SWIFT_OPTIMIZATION_LEVEL = "-O";
			};
			name = Release;
		};
		1836EFE12725BB1100143A7E /* Debug */ = {
			isa = XCBuildConfiguration;
			buildSettings = {
				ASSETCATALOG_COMPILER_APPICON_NAME = AppIcon;
				ASSETCATALOG_COMPILER_GLOBAL_ACCENT_COLOR_NAME = AccentColor;
				CODE_SIGN_STYLE = Automatic;
				CURRENT_PROJECT_VERSION = 1;
				DEVELOPMENT_TEAM = Q5T7483CQP;
				ENABLE_PREVIEWS = YES;
				GENERATE_INFOPLIST_FILE = YES;
				INFOPLIST_KEY_UIApplicationSceneManifest_Generation = YES;
				INFOPLIST_KEY_UIApplicationSupportsIndirectInputEvents = YES;
				INFOPLIST_KEY_UILaunchScreen_Generation = YES;
				INFOPLIST_KEY_UISupportedInterfaceOrientations_iPad = "UIInterfaceOrientationPortrait UIInterfaceOrientationPortraitUpsideDown UIInterfaceOrientationLandscapeLeft UIInterfaceOrientationLandscapeRight";
				INFOPLIST_KEY_UISupportedInterfaceOrientations_iPhone = "UIInterfaceOrientationPortrait UIInterfaceOrientationLandscapeLeft UIInterfaceOrientationLandscapeRight";
				IPHONEOS_DEPLOYMENT_TARGET = 14.0;
				LD_RUNPATH_SEARCH_PATHS = (
					"$(inherited)",
					"@executable_path/Frameworks",
				);
				MARKETING_VERSION = 1.0;
				PRODUCT_BUNDLE_IDENTIFIER = Myself.Mac;
				PRODUCT_NAME = Mac;
				SDKROOT = iphoneos;
				SWIFT_EMIT_LOC_STRINGS = YES;
				SWIFT_VERSION = 5.0;
				TARGETED_DEVICE_FAMILY = "1,2";
			};
			name = Debug;
		};
		1836EFE22725BB1100143A7E /* Release */ = {
			isa = XCBuildConfiguration;
			buildSettings = {
				ASSETCATALOG_COMPILER_APPICON_NAME = AppIcon;
				ASSETCATALOG_COMPILER_GLOBAL_ACCENT_COLOR_NAME = AccentColor;
				CODE_SIGN_STYLE = Automatic;
				CURRENT_PROJECT_VERSION = 1;
				DEVELOPMENT_TEAM = Q5T7483CQP;
				ENABLE_PREVIEWS = YES;
				GENERATE_INFOPLIST_FILE = YES;
				INFOPLIST_KEY_UIApplicationSceneManifest_Generation = YES;
				INFOPLIST_KEY_UIApplicationSupportsIndirectInputEvents = YES;
				INFOPLIST_KEY_UILaunchScreen_Generation = YES;
				INFOPLIST_KEY_UISupportedInterfaceOrientations_iPad = "UIInterfaceOrientationPortrait UIInterfaceOrientationPortraitUpsideDown UIInterfaceOrientationLandscapeLeft UIInterfaceOrientationLandscapeRight";
				INFOPLIST_KEY_UISupportedInterfaceOrientations_iPhone = "UIInterfaceOrientationPortrait UIInterfaceOrientationLandscapeLeft UIInterfaceOrientationLandscapeRight";
				IPHONEOS_DEPLOYMENT_TARGET = 14.0;
				LD_RUNPATH_SEARCH_PATHS = (
					"$(inherited)",
					"@executable_path/Frameworks",
				);
				MARKETING_VERSION = 1.0;
				PRODUCT_BUNDLE_IDENTIFIER = Myself.Mac;
				PRODUCT_NAME = Mac;
				SDKROOT = iphoneos;
				SWIFT_EMIT_LOC_STRINGS = YES;
				SWIFT_VERSION = 5.0;
				TARGETED_DEVICE_FAMILY = "1,2";
				VALIDATE_PRODUCT = YES;
			};
			name = Release;
		};
		1836EFE42725BB1100143A7E /* Debug */ = {
			isa = XCBuildConfiguration;
			buildSettings = {
				ASSETCATALOG_COMPILER_APPICON_NAME = AppIcon;
				ASSETCATALOG_COMPILER_GLOBAL_ACCENT_COLOR_NAME = AccentColor;
				CODE_SIGN_ENTITLEMENTS = macOS/macOS.entitlements;
				CODE_SIGN_STYLE = Automatic;
				COMBINE_HIDPI_IMAGES = YES;
				CURRENT_PROJECT_VERSION = 1;
				DEVELOPMENT_TEAM = Q5T7483CQP;
				ENABLE_HARDENED_RUNTIME = YES;
				ENABLE_PREVIEWS = YES;
				GENERATE_INFOPLIST_FILE = YES;
				INFOPLIST_KEY_NSHumanReadableCopyright = "";
				LD_RUNPATH_SEARCH_PATHS = (
					"$(inherited)",
					"@executable_path/../Frameworks",
				);
				MACOSX_DEPLOYMENT_TARGET = 11.0;
				MARKETING_VERSION = 1.0;
				PRODUCT_BUNDLE_IDENTIFIER = Myself.Mac;
				PRODUCT_NAME = Mac;
				SDKROOT = macosx;
				SWIFT_EMIT_LOC_STRINGS = YES;
				SWIFT_VERSION = 5.0;
			};
			name = Debug;
		};
		1836EFE52725BB1100143A7E /* Release */ = {
			isa = XCBuildConfiguration;
			buildSettings = {
				ASSETCATALOG_COMPILER_APPICON_NAME = AppIcon;
				ASSETCATALOG_COMPILER_GLOBAL_ACCENT_COLOR_NAME = AccentColor;
				CODE_SIGN_ENTITLEMENTS = macOS/macOS.entitlements;
				CODE_SIGN_STYLE = Automatic;
				COMBINE_HIDPI_IMAGES = YES;
				CURRENT_PROJECT_VERSION = 1;
				DEVELOPMENT_TEAM = Q5T7483CQP;
				ENABLE_HARDENED_RUNTIME = YES;
				ENABLE_PREVIEWS = YES;
				GENERATE_INFOPLIST_FILE = YES;
				INFOPLIST_KEY_NSHumanReadableCopyright = "";
				LD_RUNPATH_SEARCH_PATHS = (
					"$(inherited)",
					"@executable_path/../Frameworks",
				);
				MACOSX_DEPLOYMENT_TARGET = 11.0;
				MARKETING_VERSION = 1.0;
				PRODUCT_BUNDLE_IDENTIFIER = Myself.Mac;
				PRODUCT_NAME = Mac;
				SDKROOT = macosx;
				SWIFT_EMIT_LOC_STRINGS = YES;
				SWIFT_VERSION = 5.0;
			};
			name = Release;
		};
		1836EFE72725BB1100143A7E /* Debug */ = {
			isa = XCBuildConfiguration;
			buildSettings = {
				ALWAYS_EMBED_SWIFT_STANDARD_LIBRARIES = YES;
				CODE_SIGN_STYLE = Automatic;
				CURRENT_PROJECT_VERSION = 1;
				DEVELOPMENT_TEAM = Q5T7483CQP;
				GENERATE_INFOPLIST_FILE = YES;
				IPHONEOS_DEPLOYMENT_TARGET = 15.0;
				LD_RUNPATH_SEARCH_PATHS = (
					"$(inherited)",
					"@executable_path/Frameworks",
					"@loader_path/Frameworks",
				);
				MARKETING_VERSION = 1.0;
				PRODUCT_BUNDLE_IDENTIFIER = "Myself.Tests-iOS";
				PRODUCT_NAME = "$(TARGET_NAME)";
				SDKROOT = iphoneos;
				SWIFT_EMIT_LOC_STRINGS = NO;
				SWIFT_VERSION = 5.0;
				TARGETED_DEVICE_FAMILY = "1,2";
				TEST_TARGET_NAME = "Mac (iOS)";
			};
			name = Debug;
		};
		1836EFE82725BB1100143A7E /* Release */ = {
			isa = XCBuildConfiguration;
			buildSettings = {
				ALWAYS_EMBED_SWIFT_STANDARD_LIBRARIES = YES;
				CODE_SIGN_STYLE = Automatic;
				CURRENT_PROJECT_VERSION = 1;
				DEVELOPMENT_TEAM = Q5T7483CQP;
				GENERATE_INFOPLIST_FILE = YES;
				IPHONEOS_DEPLOYMENT_TARGET = 15.0;
				LD_RUNPATH_SEARCH_PATHS = (
					"$(inherited)",
					"@executable_path/Frameworks",
					"@loader_path/Frameworks",
				);
				MARKETING_VERSION = 1.0;
				PRODUCT_BUNDLE_IDENTIFIER = "Myself.Tests-iOS";
				PRODUCT_NAME = "$(TARGET_NAME)";
				SDKROOT = iphoneos;
				SWIFT_EMIT_LOC_STRINGS = NO;
				SWIFT_VERSION = 5.0;
				TARGETED_DEVICE_FAMILY = "1,2";
				TEST_TARGET_NAME = "Mac (iOS)";
				VALIDATE_PRODUCT = YES;
			};
			name = Release;
		};
		1836EFEA2725BB1100143A7E /* Debug */ = {
			isa = XCBuildConfiguration;
			buildSettings = {
				ALWAYS_EMBED_SWIFT_STANDARD_LIBRARIES = YES;
				CODE_SIGN_STYLE = Automatic;
				COMBINE_HIDPI_IMAGES = YES;
				CURRENT_PROJECT_VERSION = 1;
				DEVELOPMENT_TEAM = Q5T7483CQP;
				GENERATE_INFOPLIST_FILE = YES;
				LD_RUNPATH_SEARCH_PATHS = (
					"$(inherited)",
					"@executable_path/../Frameworks",
					"@loader_path/../Frameworks",
				);
				MACOSX_DEPLOYMENT_TARGET = 11.3;
				MARKETING_VERSION = 1.0;
				PRODUCT_BUNDLE_IDENTIFIER = "Myself.Tests-macOS";
				PRODUCT_NAME = "$(TARGET_NAME)";
				SDKROOT = macosx;
				SWIFT_EMIT_LOC_STRINGS = NO;
				SWIFT_VERSION = 5.0;
				TEST_TARGET_NAME = "Mac (macOS)";
			};
			name = Debug;
		};
		1836EFEB2725BB1100143A7E /* Release */ = {
			isa = XCBuildConfiguration;
			buildSettings = {
				ALWAYS_EMBED_SWIFT_STANDARD_LIBRARIES = YES;
				CODE_SIGN_STYLE = Automatic;
				COMBINE_HIDPI_IMAGES = YES;
				CURRENT_PROJECT_VERSION = 1;
				DEVELOPMENT_TEAM = Q5T7483CQP;
				GENERATE_INFOPLIST_FILE = YES;
				LD_RUNPATH_SEARCH_PATHS = (
					"$(inherited)",
					"@executable_path/../Frameworks",
					"@loader_path/../Frameworks",
				);
				MACOSX_DEPLOYMENT_TARGET = 11.3;
				MARKETING_VERSION = 1.0;
				PRODUCT_BUNDLE_IDENTIFIER = "Myself.Tests-macOS";
				PRODUCT_NAME = "$(TARGET_NAME)";
				SDKROOT = macosx;
				SWIFT_EMIT_LOC_STRINGS = NO;
				SWIFT_VERSION = 5.0;
				TEST_TARGET_NAME = "Mac (macOS)";
			};
			name = Release;
		};
/* End XCBuildConfiguration section */

/* Begin XCConfigurationList section */
		1836EFAE2725BB1000143A7E /* Build configuration list for PBXProject "Mac" */ = {
			isa = XCConfigurationList;
			buildConfigurations = (
				1836EFDE2725BB1100143A7E /* Debug */,
				1836EFDF2725BB1100143A7E /* Release */,
			);
			defaultConfigurationIsVisible = 0;
			defaultConfigurationName = Release;
		};
		1836EFE02725BB1100143A7E /* Build configuration list for PBXNativeTarget "Mac (iOS)" */ = {
			isa = XCConfigurationList;
			buildConfigurations = (
				1836EFE12725BB1100143A7E /* Debug */,
				1836EFE22725BB1100143A7E /* Release */,
			);
			defaultConfigurationIsVisible = 0;
			defaultConfigurationName = Release;
		};
		1836EFE32725BB1100143A7E /* Build configuration list for PBXNativeTarget "Mac (macOS)" */ = {
			isa = XCConfigurationList;
			buildConfigurations = (
				1836EFE42725BB1100143A7E /* Debug */,
				1836EFE52725BB1100143A7E /* Release */,
			);
			defaultConfigurationIsVisible = 0;
			defaultConfigurationName = Release;
		};
		1836EFE62725BB1100143A7E /* Build configuration list for PBXNativeTarget "Tests iOS" */ = {
			isa = XCConfigurationList;
			buildConfigurations = (
				1836EFE72725BB1100143A7E /* Debug */,
				1836EFE82725BB1100143A7E /* Release */,
			);
			defaultConfigurationIsVisible = 0;
			defaultConfigurationName = Release;
		};
		1836EFE92725BB1100143A7E /* Build configuration list for PBXNativeTarget "Tests macOS" */ = {
			isa = XCConfigurationList;
			buildConfigurations = (
				1836EFEA2725BB1100143A7E /* Debug */,
				1836EFEB2725BB1100143A7E /* Release */,
			);
			defaultConfigurationIsVisible = 0;
			defaultConfigurationName = Release;
		};
/* End XCConfigurationList section */
	};
	rootObject = 1836EFAB2725BB1000143A7E /* Project object */;
}
